
Microsoft Visual Studio Solution File, Format Version 12.00
# Visual Studio 2012
Project("{FAE04EC0-301F-11D3-BF4B-00C04F79EFBC}") = "NerdDinner.Learning.Win8", "NerdDinner.Learning\NerdDinner.Learning.Win8.csproj", "{8B2490A5-5CA4-4051-AFF2-F8044153D34D}"
EndProject
Project("{FAE04EC0-301F-11D3-BF4B-00C04F79EFBC}") = "NerdDinner.Core", "NerdDinner.Core\NerdDinner.Core.csproj", "{FB174F12-F54D-4039-84F0-D57AEDD9C681}"
EndProject
Project("{FAE04EC0-301F-11D3-BF4B-00C04F79EFBC}") = "NerdDinner.Learning.WinPhone", "NerdDinner.Learning.WinPhone\NerdDinner.Learning.WinPhone.csproj", "{26D0520A-EC3F-4D15-B422-24761C426E0E}"
EndProject
Project("{FAE04EC0-301F-11D3-BF4B-00C04F79EFBC}") = "NerdDinner.Learning.Android", "NerdDinner.Learning.Android\NerdDinner.Learning.Android.csproj", "{5664A9E9-838B-4136-B809-2BA99B569F99}"
EndProject
Project("{FAE04EC0-301F-11D3-BF4B-00C04F79EFBC}") = "NerdDinner.Learning.iOS", "NerdDinner.Learning.iOS\NerdDinner.Learning.iOS.csproj", "{6EF5B6C7-5535-42C7-8103-C7FAF8059480}"
EndProject
Project("{FAE04EC0-301F-11D3-BF4B-00C04F79EFBC}") = "NerdDinner.Learning.Web", "NerdDinner.Learning.Web\NerdDinner.Learning.Web.csproj", "{891A60C0-F775-4210-9E33-0E4E44140CF4}"
EndProject
Project("{FAE04EC0-301F-11D3-BF4B-00C04F79EFBC}") = "NerdDinner.Core.Mobile", "NerdDinner.Core.Mobile\NerdDinner.Core.Mobile.csproj", "{3FC21BDC-F5FA-4E01-9B2B-2ED1AE51D27B}"
EndProject
Global
	GlobalSection(SolutionConfigurationPlatforms) = preSolution
		Ad-Hoc|Any CPU = Ad-Hoc|Any CPU
		Ad-Hoc|ARM = Ad-Hoc|ARM
		Ad-Hoc|iPhone = Ad-Hoc|iPhone
		Ad-Hoc|iPhoneSimulator = Ad-Hoc|iPhoneSimulator
		Ad-Hoc|Mixed Platforms = Ad-Hoc|Mixed Platforms
		Ad-Hoc|x64 = Ad-Hoc|x64
		Ad-Hoc|x86 = Ad-Hoc|x86
		AppStore|Any CPU = AppStore|Any CPU
		AppStore|ARM = AppStore|ARM
		AppStore|iPhone = AppStore|iPhone
		AppStore|iPhoneSimulator = AppStore|iPhoneSimulator
		AppStore|Mixed Platforms = AppStore|Mixed Platforms
		AppStore|x64 = AppStore|x64
		AppStore|x86 = AppStore|x86
		Debug|Any CPU = Debug|Any CPU
		Debug|ARM = Debug|ARM
		Debug|iPhone = Debug|iPhone
		Debug|iPhoneSimulator = Debug|iPhoneSimulator
		Debug|Mixed Platforms = Debug|Mixed Platforms
		Debug|x64 = Debug|x64
		Debug|x86 = Debug|x86
		Release|Any CPU = Release|Any CPU
		Release|ARM = Release|ARM
		Release|iPhone = Release|iPhone
		Release|iPhoneSimulator = Release|iPhoneSimulator
		Release|Mixed Platforms = Release|Mixed Platforms
		Release|x64 = Release|x64
		Release|x86 = Release|x86
	EndGlobalSection
	GlobalSection(ProjectConfigurationPlatforms) = postSolution
		{8B2490A5-5CA4-4051-AFF2-F8044153D34D}.Ad-Hoc|Any CPU.ActiveCfg = Release|Any CPU
		{8B2490A5-5CA4-4051-AFF2-F8044153D34D}.Ad-Hoc|Any CPU.Build.0 = Release|Any CPU
		{8B2490A5-5CA4-4051-AFF2-F8044153D34D}.Ad-Hoc|Any CPU.Deploy.0 = Release|Any CPU
		{8B2490A5-5CA4-4051-AFF2-F8044153D34D}.Ad-Hoc|ARM.ActiveCfg = Release|ARM
		{8B2490A5-5CA4-4051-AFF2-F8044153D34D}.Ad-Hoc|ARM.Build.0 = Release|ARM
		{8B2490A5-5CA4-4051-AFF2-F8044153D34D}.Ad-Hoc|ARM.Deploy.0 = Release|ARM
		{8B2490A5-5CA4-4051-AFF2-F8044153D34D}.Ad-Hoc|iPhone.ActiveCfg = Release|Any CPU
		{8B2490A5-5CA4-4051-AFF2-F8044153D34D}.Ad-Hoc|iPhoneSimulator.ActiveCfg = Release|Any CPU
		{8B2490A5-5CA4-4051-AFF2-F8044153D34D}.Ad-Hoc|Mixed Platforms.ActiveCfg = Release|x86
		{8B2490A5-5CA4-4051-AFF2-F8044153D34D}.Ad-Hoc|Mixed Platforms.Build.0 = Release|x86
		{8B2490A5-5CA4-4051-AFF2-F8044153D34D}.Ad-Hoc|Mixed Platforms.Deploy.0 = Release|x86
		{8B2490A5-5CA4-4051-AFF2-F8044153D34D}.Ad-Hoc|x64.ActiveCfg = Release|x64
		{8B2490A5-5CA4-4051-AFF2-F8044153D34D}.Ad-Hoc|x64.Build.0 = Release|x64
		{8B2490A5-5CA4-4051-AFF2-F8044153D34D}.Ad-Hoc|x64.Deploy.0 = Release|x64
		{8B2490A5-5CA4-4051-AFF2-F8044153D34D}.Ad-Hoc|x86.ActiveCfg = Release|x86
		{8B2490A5-5CA4-4051-AFF2-F8044153D34D}.Ad-Hoc|x86.Build.0 = Release|x86
		{8B2490A5-5CA4-4051-AFF2-F8044153D34D}.Ad-Hoc|x86.Deploy.0 = Release|x86
		{8B2490A5-5CA4-4051-AFF2-F8044153D34D}.AppStore|Any CPU.ActiveCfg = Release|Any CPU
		{8B2490A5-5CA4-4051-AFF2-F8044153D34D}.AppStore|Any CPU.Build.0 = Release|Any CPU
		{8B2490A5-5CA4-4051-AFF2-F8044153D34D}.AppStore|Any CPU.Deploy.0 = Release|Any CPU
		{8B2490A5-5CA4-4051-AFF2-F8044153D34D}.AppStore|ARM.ActiveCfg = Release|ARM
		{8B2490A5-5CA4-4051-AFF2-F8044153D34D}.AppStore|ARM.Build.0 = Release|ARM
		{8B2490A5-5CA4-4051-AFF2-F8044153D34D}.AppStore|ARM.Deploy.0 = Release|ARM
		{8B2490A5-5CA4-4051-AFF2-F8044153D34D}.AppStore|iPhone.ActiveCfg = Release|Any CPU
		{8B2490A5-5CA4-4051-AFF2-F8044153D34D}.AppStore|iPhoneSimulator.ActiveCfg = Release|Any CPU
		{8B2490A5-5CA4-4051-AFF2-F8044153D34D}.AppStore|Mixed Platforms.ActiveCfg = Release|x86
		{8B2490A5-5CA4-4051-AFF2-F8044153D34D}.AppStore|Mixed Platforms.Build.0 = Release|x86
		{8B2490A5-5CA4-4051-AFF2-F8044153D34D}.AppStore|Mixed Platforms.Deploy.0 = Release|x86
		{8B2490A5-5CA4-4051-AFF2-F8044153D34D}.AppStore|x64.ActiveCfg = Release|x64
		{8B2490A5-5CA4-4051-AFF2-F8044153D34D}.AppStore|x64.Build.0 = Release|x64
		{8B2490A5-5CA4-4051-AFF2-F8044153D34D}.AppStore|x64.Deploy.0 = Release|x64
		{8B2490A5-5CA4-4051-AFF2-F8044153D34D}.AppStore|x86.ActiveCfg = Release|x86
		{8B2490A5-5CA4-4051-AFF2-F8044153D34D}.AppStore|x86.Build.0 = Release|x86
		{8B2490A5-5CA4-4051-AFF2-F8044153D34D}.AppStore|x86.Deploy.0 = Release|x86
		{8B2490A5-5CA4-4051-AFF2-F8044153D34D}.Debug|Any CPU.ActiveCfg = Debug|Any CPU
		{8B2490A5-5CA4-4051-AFF2-F8044153D34D}.Debug|Any CPU.Build.0 = Debug|Any CPU
		{8B2490A5-5CA4-4051-AFF2-F8044153D34D}.Debug|Any CPU.Deploy.0 = Debug|Any CPU
		{8B2490A5-5CA4-4051-AFF2-F8044153D34D}.Debug|ARM.ActiveCfg = Debug|ARM
		{8B2490A5-5CA4-4051-AFF2-F8044153D34D}.Debug|ARM.Build.0 = Debug|ARM
		{8B2490A5-5CA4-4051-AFF2-F8044153D34D}.Debug|ARM.Deploy.0 = Debug|ARM
		{8B2490A5-5CA4-4051-AFF2-F8044153D34D}.Debug|iPhone.ActiveCfg = Debug|Any CPU
		{8B2490A5-5CA4-4051-AFF2-F8044153D34D}.Debug|iPhoneSimulator.ActiveCfg = Debug|Any CPU
		{8B2490A5-5CA4-4051-AFF2-F8044153D34D}.Debug|Mixed Platforms.ActiveCfg = Debug|x86
		{8B2490A5-5CA4-4051-AFF2-F8044153D34D}.Debug|Mixed Platforms.Build.0 = Debug|x86
		{8B2490A5-5CA4-4051-AFF2-F8044153D34D}.Debug|Mixed Platforms.Deploy.0 = Debug|x86
		{8B2490A5-5CA4-4051-AFF2-F8044153D34D}.Debug|x64.ActiveCfg = Debug|x64
		{8B2490A5-5CA4-4051-AFF2-F8044153D34D}.Debug|x64.Build.0 = Debug|x64
		{8B2490A5-5CA4-4051-AFF2-F8044153D34D}.Debug|x64.Deploy.0 = Debug|x64
		{8B2490A5-5CA4-4051-AFF2-F8044153D34D}.Debug|x86.ActiveCfg = Debug|x86
		{8B2490A5-5CA4-4051-AFF2-F8044153D34D}.Debug|x86.Build.0 = Debug|x86
		{8B2490A5-5CA4-4051-AFF2-F8044153D34D}.Debug|x86.Deploy.0 = Debug|x86
		{8B2490A5-5CA4-4051-AFF2-F8044153D34D}.Release|Any CPU.ActiveCfg = Release|Any CPU
		{8B2490A5-5CA4-4051-AFF2-F8044153D34D}.Release|Any CPU.Build.0 = Release|Any CPU
		{8B2490A5-5CA4-4051-AFF2-F8044153D34D}.Release|Any CPU.Deploy.0 = Release|Any CPU
		{8B2490A5-5CA4-4051-AFF2-F8044153D34D}.Release|ARM.ActiveCfg = Release|ARM
		{8B2490A5-5CA4-4051-AFF2-F8044153D34D}.Release|ARM.Build.0 = Release|ARM
		{8B2490A5-5CA4-4051-AFF2-F8044153D34D}.Release|ARM.Deploy.0 = Release|ARM
		{8B2490A5-5CA4-4051-AFF2-F8044153D34D}.Release|iPhone.ActiveCfg = Release|Any CPU
		{8B2490A5-5CA4-4051-AFF2-F8044153D34D}.Release|iPhoneSimulator.ActiveCfg = Release|Any CPU
		{8B2490A5-5CA4-4051-AFF2-F8044153D34D}.Release|Mixed Platforms.ActiveCfg = Release|x86
		{8B2490A5-5CA4-4051-AFF2-F8044153D34D}.Release|Mixed Platforms.Build.0 = Release|x86
		{8B2490A5-5CA4-4051-AFF2-F8044153D34D}.Release|Mixed Platforms.Deploy.0 = Release|x86
		{8B2490A5-5CA4-4051-AFF2-F8044153D34D}.Release|x64.ActiveCfg = Release|x64
		{8B2490A5-5CA4-4051-AFF2-F8044153D34D}.Release|x64.Build.0 = Release|x64
		{8B2490A5-5CA4-4051-AFF2-F8044153D34D}.Release|x64.Deploy.0 = Release|x64
		{8B2490A5-5CA4-4051-AFF2-F8044153D34D}.Release|x86.ActiveCfg = Release|x86
		{8B2490A5-5CA4-4051-AFF2-F8044153D34D}.Release|x86.Build.0 = Release|x86
		{8B2490A5-5CA4-4051-AFF2-F8044153D34D}.Release|x86.Deploy.0 = Release|x86
		{FB174F12-F54D-4039-84F0-D57AEDD9C681}.Ad-Hoc|Any CPU.ActiveCfg = Release|Any CPU
		{FB174F12-F54D-4039-84F0-D57AEDD9C681}.Ad-Hoc|Any CPU.Build.0 = Release|Any CPU
		{FB174F12-F54D-4039-84F0-D57AEDD9C681}.Ad-Hoc|ARM.ActiveCfg = Release|Any CPU
		{FB174F12-F54D-4039-84F0-D57AEDD9C681}.Ad-Hoc|iPhone.ActiveCfg = Release|Any CPU
		{FB174F12-F54D-4039-84F0-D57AEDD9C681}.Ad-Hoc|iPhoneSimulator.ActiveCfg = Release|Any CPU
		{FB174F12-F54D-4039-84F0-D57AEDD9C681}.Ad-Hoc|Mixed Platforms.ActiveCfg = Release|Any CPU
		{FB174F12-F54D-4039-84F0-D57AEDD9C681}.Ad-Hoc|Mixed Platforms.Build.0 = Release|Any CPU
		{FB174F12-F54D-4039-84F0-D57AEDD9C681}.Ad-Hoc|x64.ActiveCfg = Release|Any CPU
		{FB174F12-F54D-4039-84F0-D57AEDD9C681}.Ad-Hoc|x86.ActiveCfg = Release|Any CPU
		{FB174F12-F54D-4039-84F0-D57AEDD9C681}.AppStore|Any CPU.ActiveCfg = Release|Any CPU
		{FB174F12-F54D-4039-84F0-D57AEDD9C681}.AppStore|Any CPU.Build.0 = Release|Any CPU
		{FB174F12-F54D-4039-84F0-D57AEDD9C681}.AppStore|ARM.ActiveCfg = Release|Any CPU
		{FB174F12-F54D-4039-84F0-D57AEDD9C681}.AppStore|iPhone.ActiveCfg = Release|Any CPU
		{FB174F12-F54D-4039-84F0-D57AEDD9C681}.AppStore|iPhoneSimulator.ActiveCfg = Release|Any CPU
		{FB174F12-F54D-4039-84F0-D57AEDD9C681}.AppStore|Mixed Platforms.ActiveCfg = Release|Any CPU
		{FB174F12-F54D-4039-84F0-D57AEDD9C681}.AppStore|Mixed Platforms.Build.0 = Release|Any CPU
		{FB174F12-F54D-4039-84F0-D57AEDD9C681}.AppStore|x64.ActiveCfg = Release|Any CPU
		{FB174F12-F54D-4039-84F0-D57AEDD9C681}.AppStore|x86.ActiveCfg = Release|Any CPU
		{FB174F12-F54D-4039-84F0-D57AEDD9C681}.Debug|Any CPU.ActiveCfg = Debug|Any CPU
		{FB174F12-F54D-4039-84F0-D57AEDD9C681}.Debug|Any CPU.Build.0 = Debug|Any CPU
		{FB174F12-F54D-4039-84F0-D57AEDD9C681}.Debug|ARM.ActiveCfg = Debug|Any CPU
		{FB174F12-F54D-4039-84F0-D57AEDD9C681}.Debug|iPhone.ActiveCfg = Debug|Any CPU
		{FB174F12-F54D-4039-84F0-D57AEDD9C681}.Debug|iPhoneSimulator.ActiveCfg = Debug|Any CPU
		{FB174F12-F54D-4039-84F0-D57AEDD9C681}.Debug|Mixed Platforms.ActiveCfg = Debug|Any CPU
		{FB174F12-F54D-4039-84F0-D57AEDD9C681}.Debug|Mixed Platforms.Build.0 = Debug|Any CPU
		{FB174F12-F54D-4039-84F0-D57AEDD9C681}.Debug|x64.ActiveCfg = Debug|Any CPU
		{FB174F12-F54D-4039-84F0-D57AEDD9C681}.Debug|x86.ActiveCfg = Debug|Any CPU
		{FB174F12-F54D-4039-84F0-D57AEDD9C681}.Release|Any CPU.ActiveCfg = Release|Any CPU
		{FB174F12-F54D-4039-84F0-D57AEDD9C681}.Release|Any CPU.Build.0 = Release|Any CPU
		{FB174F12-F54D-4039-84F0-D57AEDD9C681}.Release|ARM.ActiveCfg = Release|Any CPU
		{FB174F12-F54D-4039-84F0-D57AEDD9C681}.Release|iPhone.ActiveCfg = Release|Any CPU
		{FB174F12-F54D-4039-84F0-D57AEDD9C681}.Release|iPhoneSimulator.ActiveCfg = Release|Any CPU
		{FB174F12-F54D-4039-84F0-D57AEDD9C681}.Release|Mixed Platforms.ActiveCfg = Release|Any CPU
		{FB174F12-F54D-4039-84F0-D57AEDD9C681}.Release|Mixed Platforms.Build.0 = Release|Any CPU
		{FB174F12-F54D-4039-84F0-D57AEDD9C681}.Release|x64.ActiveCfg = Release|Any CPU
		{FB174F12-F54D-4039-84F0-D57AEDD9C681}.Release|x86.ActiveCfg = Release|Any CPU
		{26D0520A-EC3F-4D15-B422-24761C426E0E}.Ad-Hoc|Any CPU.ActiveCfg = Release|Any CPU
		{26D0520A-EC3F-4D15-B422-24761C426E0E}.Ad-Hoc|Any CPU.Build.0 = Release|Any CPU
		{26D0520A-EC3F-4D15-B422-24761C426E0E}.Ad-Hoc|Any CPU.Deploy.0 = Release|Any CPU
		{26D0520A-EC3F-4D15-B422-24761C426E0E}.Ad-Hoc|ARM.ActiveCfg = Release|ARM
		{26D0520A-EC3F-4D15-B422-24761C426E0E}.Ad-Hoc|ARM.Build.0 = Release|ARM
		{26D0520A-EC3F-4D15-B422-24761C426E0E}.Ad-Hoc|ARM.Deploy.0 = Release|ARM
		{26D0520A-EC3F-4D15-B422-24761C426E0E}.Ad-Hoc|iPhone.ActiveCfg = Release|Any CPU
		{26D0520A-EC3F-4D15-B422-24761C426E0E}.Ad-Hoc|iPhoneSimulator.ActiveCfg = Release|Any CPU
		{26D0520A-EC3F-4D15-B422-24761C426E0E}.Ad-Hoc|Mixed Platforms.ActiveCfg = Release|x86
		{26D0520A-EC3F-4D15-B422-24761C426E0E}.Ad-Hoc|Mixed Platforms.Build.0 = Release|x86
		{26D0520A-EC3F-4D15-B422-24761C426E0E}.Ad-Hoc|Mixed Platforms.Deploy.0 = Release|x86
		{26D0520A-EC3F-4D15-B422-24761C426E0E}.Ad-Hoc|x64.ActiveCfg = Release|Any CPU
		{26D0520A-EC3F-4D15-B422-24761C426E0E}.Ad-Hoc|x86.ActiveCfg = Release|x86
		{26D0520A-EC3F-4D15-B422-24761C426E0E}.Ad-Hoc|x86.Build.0 = Release|x86
		{26D0520A-EC3F-4D15-B422-24761C426E0E}.Ad-Hoc|x86.Deploy.0 = Release|x86
		{26D0520A-EC3F-4D15-B422-24761C426E0E}.AppStore|Any CPU.ActiveCfg = Release|Any CPU
		{26D0520A-EC3F-4D15-B422-24761C426E0E}.AppStore|Any CPU.Build.0 = Release|Any CPU
		{26D0520A-EC3F-4D15-B422-24761C426E0E}.AppStore|Any CPU.Deploy.0 = Release|Any CPU
		{26D0520A-EC3F-4D15-B422-24761C426E0E}.AppStore|ARM.ActiveCfg = Release|ARM
		{26D0520A-EC3F-4D15-B422-24761C426E0E}.AppStore|ARM.Build.0 = Release|ARM
		{26D0520A-EC3F-4D15-B422-24761C426E0E}.AppStore|ARM.Deploy.0 = Release|ARM
		{26D0520A-EC3F-4D15-B422-24761C426E0E}.AppStore|iPhone.ActiveCfg = Release|Any CPU
		{26D0520A-EC3F-4D15-B422-24761C426E0E}.AppStore|iPhoneSimulator.ActiveCfg = Release|Any CPU
		{26D0520A-EC3F-4D15-B422-24761C426E0E}.AppStore|Mixed Platforms.ActiveCfg = Release|x86
		{26D0520A-EC3F-4D15-B422-24761C426E0E}.AppStore|Mixed Platforms.Build.0 = Release|x86
		{26D0520A-EC3F-4D15-B422-24761C426E0E}.AppStore|Mixed Platforms.Deploy.0 = Release|x86
		{26D0520A-EC3F-4D15-B422-24761C426E0E}.AppStore|x64.ActiveCfg = Release|Any CPU
		{26D0520A-EC3F-4D15-B422-24761C426E0E}.AppStore|x86.ActiveCfg = Release|x86
		{26D0520A-EC3F-4D15-B422-24761C426E0E}.AppStore|x86.Build.0 = Release|x86
		{26D0520A-EC3F-4D15-B422-24761C426E0E}.AppStore|x86.Deploy.0 = Release|x86
		{26D0520A-EC3F-4D15-B422-24761C426E0E}.Debug|Any CPU.ActiveCfg = Debug|Any CPU
		{26D0520A-EC3F-4D15-B422-24761C426E0E}.Debug|Any CPU.Build.0 = Debug|Any CPU
		{26D0520A-EC3F-4D15-B422-24761C426E0E}.Debug|Any CPU.Deploy.0 = Debug|Any CPU
		{26D0520A-EC3F-4D15-B422-24761C426E0E}.Debug|ARM.ActiveCfg = Debug|ARM
		{26D0520A-EC3F-4D15-B422-24761C426E0E}.Debug|ARM.Build.0 = Debug|ARM
		{26D0520A-EC3F-4D15-B422-24761C426E0E}.Debug|ARM.Deploy.0 = Debug|ARM
		{26D0520A-EC3F-4D15-B422-24761C426E0E}.Debug|iPhone.ActiveCfg = Debug|Any CPU
		{26D0520A-EC3F-4D15-B422-24761C426E0E}.Debug|iPhoneSimulator.ActiveCfg = Debug|Any CPU
		{26D0520A-EC3F-4D15-B422-24761C426E0E}.Debug|Mixed Platforms.ActiveCfg = Debug|x86
		{26D0520A-EC3F-4D15-B422-24761C426E0E}.Debug|Mixed Platforms.Build.0 = Debug|x86
		{26D0520A-EC3F-4D15-B422-24761C426E0E}.Debug|Mixed Platforms.Deploy.0 = Debug|x86
		{26D0520A-EC3F-4D15-B422-24761C426E0E}.Debug|x64.ActiveCfg = Debug|Any CPU
		{26D0520A-EC3F-4D15-B422-24761C426E0E}.Debug|x86.ActiveCfg = Debug|x86
		{26D0520A-EC3F-4D15-B422-24761C426E0E}.Debug|x86.Build.0 = Debug|x86
		{26D0520A-EC3F-4D15-B422-24761C426E0E}.Debug|x86.Deploy.0 = Debug|x86
		{26D0520A-EC3F-4D15-B422-24761C426E0E}.Release|Any CPU.ActiveCfg = Release|Any CPU
		{26D0520A-EC3F-4D15-B422-24761C426E0E}.Release|Any CPU.Build.0 = Release|Any CPU
		{26D0520A-EC3F-4D15-B422-24761C426E0E}.Release|Any CPU.Deploy.0 = Release|Any CPU
		{26D0520A-EC3F-4D15-B422-24761C426E0E}.Release|ARM.ActiveCfg = Release|ARM
		{26D0520A-EC3F-4D15-B422-24761C426E0E}.Release|ARM.Build.0 = Release|ARM
		{26D0520A-EC3F-4D15-B422-24761C426E0E}.Release|ARM.Deploy.0 = Release|ARM
		{26D0520A-EC3F-4D15-B422-24761C426E0E}.Release|iPhone.ActiveCfg = Release|Any CPU
		{26D0520A-EC3F-4D15-B422-24761C426E0E}.Release|iPhoneSimulator.ActiveCfg = Release|Any CPU
		{26D0520A-EC3F-4D15-B422-24761C426E0E}.Release|Mixed Platforms.ActiveCfg = Release|x86
		{26D0520A-EC3F-4D15-B422-24761C426E0E}.Release|Mixed Platforms.Build.0 = Release|x86
		{26D0520A-EC3F-4D15-B422-24761C426E0E}.Release|Mixed Platforms.Deploy.0 = Release|x86
		{26D0520A-EC3F-4D15-B422-24761C426E0E}.Release|x64.ActiveCfg = Release|Any CPU
		{26D0520A-EC3F-4D15-B422-24761C426E0E}.Release|x86.ActiveCfg = Release|x86
		{26D0520A-EC3F-4D15-B422-24761C426E0E}.Release|x86.Build.0 = Release|x86
		{26D0520A-EC3F-4D15-B422-24761C426E0E}.Release|x86.Deploy.0 = Release|x86
		{5664A9E9-838B-4136-B809-2BA99B569F99}.Ad-Hoc|Any CPU.ActiveCfg = Release|Any CPU
		{5664A9E9-838B-4136-B809-2BA99B569F99}.Ad-Hoc|Any CPU.Build.0 = Release|Any CPU
		{5664A9E9-838B-4136-B809-2BA99B569F99}.Ad-Hoc|Any CPU.Deploy.0 = Release|Any CPU
		{5664A9E9-838B-4136-B809-2BA99B569F99}.Ad-Hoc|ARM.ActiveCfg = Release|Any CPU
		{5664A9E9-838B-4136-B809-2BA99B569F99}.Ad-Hoc|iPhone.ActiveCfg = Release|Any CPU
		{5664A9E9-838B-4136-B809-2BA99B569F99}.Ad-Hoc|iPhoneSimulator.ActiveCfg = Release|Any CPU
		{5664A9E9-838B-4136-B809-2BA99B569F99}.Ad-Hoc|Mixed Platforms.ActiveCfg = Release|Any CPU
		{5664A9E9-838B-4136-B809-2BA99B569F99}.Ad-Hoc|Mixed Platforms.Build.0 = Release|Any CPU
		{5664A9E9-838B-4136-B809-2BA99B569F99}.Ad-Hoc|Mixed Platforms.Deploy.0 = Release|Any CPU
		{5664A9E9-838B-4136-B809-2BA99B569F99}.Ad-Hoc|x64.ActiveCfg = Release|Any CPU
		{5664A9E9-838B-4136-B809-2BA99B569F99}.Ad-Hoc|x86.ActiveCfg = Release|Any CPU
		{5664A9E9-838B-4136-B809-2BA99B569F99}.AppStore|Any CPU.ActiveCfg = Release|Any CPU
		{5664A9E9-838B-4136-B809-2BA99B569F99}.AppStore|Any CPU.Build.0 = Release|Any CPU
		{5664A9E9-838B-4136-B809-2BA99B569F99}.AppStore|Any CPU.Deploy.0 = Release|Any CPU
		{5664A9E9-838B-4136-B809-2BA99B569F99}.AppStore|ARM.ActiveCfg = Release|Any CPU
		{5664A9E9-838B-4136-B809-2BA99B569F99}.AppStore|iPhone.ActiveCfg = Release|Any CPU
		{5664A9E9-838B-4136-B809-2BA99B569F99}.AppStore|iPhoneSimulator.ActiveCfg = Release|Any CPU
		{5664A9E9-838B-4136-B809-2BA99B569F99}.AppStore|Mixed Platforms.ActiveCfg = Release|Any CPU
		{5664A9E9-838B-4136-B809-2BA99B569F99}.AppStore|Mixed Platforms.Build.0 = Release|Any CPU
		{5664A9E9-838B-4136-B809-2BA99B569F99}.AppStore|Mixed Platforms.Deploy.0 = Release|Any CPU
		{5664A9E9-838B-4136-B809-2BA99B569F99}.AppStore|x64.ActiveCfg = Release|Any CPU
		{5664A9E9-838B-4136-B809-2BA99B569F99}.AppStore|x86.ActiveCfg = Release|Any CPU
		{5664A9E9-838B-4136-B809-2BA99B569F99}.Debug|Any CPU.ActiveCfg = Debug|Any CPU
		{5664A9E9-838B-4136-B809-2BA99B569F99}.Debug|Any CPU.Build.0 = Debug|Any CPU
		{5664A9E9-838B-4136-B809-2BA99B569F99}.Debug|Any CPU.Deploy.0 = Debug|Any CPU
		{5664A9E9-838B-4136-B809-2BA99B569F99}.Debug|ARM.ActiveCfg = Debug|Any CPU
		{5664A9E9-838B-4136-B809-2BA99B569F99}.Debug|iPhone.ActiveCfg = Debug|Any CPU
		{5664A9E9-838B-4136-B809-2BA99B569F99}.Debug|iPhoneSimulator.ActiveCfg = Debug|Any CPU
		{5664A9E9-838B-4136-B809-2BA99B569F99}.Debug|Mixed Platforms.ActiveCfg = Debug|Any CPU
		{5664A9E9-838B-4136-B809-2BA99B569F99}.Debug|Mixed Platforms.Build.0 = Debug|Any CPU
		{5664A9E9-838B-4136-B809-2BA99B569F99}.Debug|Mixed Platforms.Deploy.0 = Debug|Any CPU
		{5664A9E9-838B-4136-B809-2BA99B569F99}.Debug|x64.ActiveCfg = Debug|Any CPU
		{5664A9E9-838B-4136-B809-2BA99B569F99}.Debug|x86.ActiveCfg = Debug|Any CPU
		{5664A9E9-838B-4136-B809-2BA99B569F99}.Release|Any CPU.ActiveCfg = Release|Any CPU
		{5664A9E9-838B-4136-B809-2BA99B569F99}.Release|Any CPU.Build.0 = Release|Any CPU
		{5664A9E9-838B-4136-B809-2BA99B569F99}.Release|Any CPU.Deploy.0 = Release|Any CPU
		{5664A9E9-838B-4136-B809-2BA99B569F99}.Release|ARM.ActiveCfg = Release|Any CPU
		{5664A9E9-838B-4136-B809-2BA99B569F99}.Release|iPhone.ActiveCfg = Release|Any CPU
		{5664A9E9-838B-4136-B809-2BA99B569F99}.Release|iPhoneSimulator.ActiveCfg = Release|Any CPU
		{5664A9E9-838B-4136-B809-2BA99B569F99}.Release|Mixed Platforms.ActiveCfg = Release|Any CPU
		{5664A9E9-838B-4136-B809-2BA99B569F99}.Release|Mixed Platforms.Build.0 = Release|Any CPU
		{5664A9E9-838B-4136-B809-2BA99B569F99}.Release|Mixed Platforms.Deploy.0 = Release|Any CPU
		{5664A9E9-838B-4136-B809-2BA99B569F99}.Release|x64.ActiveCfg = Release|Any CPU
		{5664A9E9-838B-4136-B809-2BA99B569F99}.Release|x86.ActiveCfg = Release|Any CPU
		{6EF5B6C7-5535-42C7-8103-C7FAF8059480}.Ad-Hoc|Any CPU.ActiveCfg = Ad-Hoc|iPhone
		{6EF5B6C7-5535-42C7-8103-C7FAF8059480}.Ad-Hoc|ARM.ActiveCfg = Ad-Hoc|iPhone
		{6EF5B6C7-5535-42C7-8103-C7FAF8059480}.Ad-Hoc|iPhone.ActiveCfg = Ad-Hoc|iPhone
		{6EF5B6C7-5535-42C7-8103-C7FAF8059480}.Ad-Hoc|iPhone.Build.0 = Ad-Hoc|iPhone
		{6EF5B6C7-5535-42C7-8103-C7FAF8059480}.Ad-Hoc|iPhoneSimulator.ActiveCfg = Ad-Hoc|iPhoneSimulator
		{6EF5B6C7-5535-42C7-8103-C7FAF8059480}.Ad-Hoc|iPhoneSimulator.Build.0 = Ad-Hoc|iPhoneSimulator
		{6EF5B6C7-5535-42C7-8103-C7FAF8059480}.Ad-Hoc|Mixed Platforms.ActiveCfg = Ad-Hoc|iPhone
		{6EF5B6C7-5535-42C7-8103-C7FAF8059480}.Ad-Hoc|Mixed Platforms.Build.0 = Ad-Hoc|iPhone
		{6EF5B6C7-5535-42C7-8103-C7FAF8059480}.Ad-Hoc|x64.ActiveCfg = Ad-Hoc|iPhone
		{6EF5B6C7-5535-42C7-8103-C7FAF8059480}.Ad-Hoc|x86.ActiveCfg = Ad-Hoc|iPhone
		{6EF5B6C7-5535-42C7-8103-C7FAF8059480}.AppStore|Any CPU.ActiveCfg = AppStore|iPhone
		{6EF5B6C7-5535-42C7-8103-C7FAF8059480}.AppStore|ARM.ActiveCfg = AppStore|iPhone
		{6EF5B6C7-5535-42C7-8103-C7FAF8059480}.AppStore|iPhone.ActiveCfg = AppStore|iPhone
		{6EF5B6C7-5535-42C7-8103-C7FAF8059480}.AppStore|iPhone.Build.0 = AppStore|iPhone
		{6EF5B6C7-5535-42C7-8103-C7FAF8059480}.AppStore|iPhoneSimulator.ActiveCfg = AppStore|iPhoneSimulator
		{6EF5B6C7-5535-42C7-8103-C7FAF8059480}.AppStore|iPhoneSimulator.Build.0 = AppStore|iPhoneSimulator
		{6EF5B6C7-5535-42C7-8103-C7FAF8059480}.AppStore|Mixed Platforms.ActiveCfg = AppStore|iPhone
		{6EF5B6C7-5535-42C7-8103-C7FAF8059480}.AppStore|Mixed Platforms.Build.0 = AppStore|iPhone
		{6EF5B6C7-5535-42C7-8103-C7FAF8059480}.AppStore|x64.ActiveCfg = AppStore|iPhone
		{6EF5B6C7-5535-42C7-8103-C7FAF8059480}.AppStore|x86.ActiveCfg = AppStore|iPhone
		{6EF5B6C7-5535-42C7-8103-C7FAF8059480}.Debug|Any CPU.ActiveCfg = Debug|iPhone
		{6EF5B6C7-5535-42C7-8103-C7FAF8059480}.Debug|ARM.ActiveCfg = Debug|iPhone
		{6EF5B6C7-5535-42C7-8103-C7FAF8059480}.Debug|iPhone.ActiveCfg = Debug|iPhone
		{6EF5B6C7-5535-42C7-8103-C7FAF8059480}.Debug|iPhone.Build.0 = Debug|iPhone
		{6EF5B6C7-5535-42C7-8103-C7FAF8059480}.Debug|iPhoneSimulator.ActiveCfg = Debug|iPhoneSimulator
		{6EF5B6C7-5535-42C7-8103-C7FAF8059480}.Debug|iPhoneSimulator.Build.0 = Debug|iPhoneSimulator
		{6EF5B6C7-5535-42C7-8103-C7FAF8059480}.Debug|Mixed Platforms.ActiveCfg = Debug|iPhone
		{6EF5B6C7-5535-42C7-8103-C7FAF8059480}.Debug|Mixed Platforms.Build.0 = Debug|iPhone
		{6EF5B6C7-5535-42C7-8103-C7FAF8059480}.Debug|x64.ActiveCfg = Debug|iPhone
		{6EF5B6C7-5535-42C7-8103-C7FAF8059480}.Debug|x86.ActiveCfg = Debug|iPhone
		{6EF5B6C7-5535-42C7-8103-C7FAF8059480}.Release|Any CPU.ActiveCfg = Release|iPhone
		{6EF5B6C7-5535-42C7-8103-C7FAF8059480}.Release|ARM.ActiveCfg = Release|iPhone
		{6EF5B6C7-5535-42C7-8103-C7FAF8059480}.Release|iPhone.ActiveCfg = Release|iPhone
		{6EF5B6C7-5535-42C7-8103-C7FAF8059480}.Release|iPhone.Build.0 = Release|iPhone
		{6EF5B6C7-5535-42C7-8103-C7FAF8059480}.Release|iPhoneSimulator.ActiveCfg = Release|iPhoneSimulator
		{6EF5B6C7-5535-42C7-8103-C7FAF8059480}.Release|iPhoneSimulator.Build.0 = Release|iPhoneSimulator
		{6EF5B6C7-5535-42C7-8103-C7FAF8059480}.Release|Mixed Platforms.ActiveCfg = Release|iPhone
		{6EF5B6C7-5535-42C7-8103-C7FAF8059480}.Release|Mixed Platforms.Build.0 = Release|iPhone
		{6EF5B6C7-5535-42C7-8103-C7FAF8059480}.Release|x64.ActiveCfg = Release|iPhone
		{6EF5B6C7-5535-42C7-8103-C7FAF8059480}.Release|x86.ActiveCfg = Release|iPhone
		{891A60C0-F775-4210-9E33-0E4E44140CF4}.Ad-Hoc|Any CPU.ActiveCfg = Release|Any CPU
		{891A60C0-F775-4210-9E33-0E4E44140CF4}.Ad-Hoc|Any CPU.Build.0 = Release|Any CPU
		{891A60C0-F775-4210-9E33-0E4E44140CF4}.Ad-Hoc|ARM.ActiveCfg = Release|Any CPU
		{891A60C0-F775-4210-9E33-0E4E44140CF4}.Ad-Hoc|iPhone.ActiveCfg = Release|Any CPU
		{891A60C0-F775-4210-9E33-0E4E44140CF4}.Ad-Hoc|iPhoneSimulator.ActiveCfg = Release|Any CPU
		{891A60C0-F775-4210-9E33-0E4E44140CF4}.Ad-Hoc|Mixed Platforms.ActiveCfg = Release|Any CPU
		{891A60C0-F775-4210-9E33-0E4E44140CF4}.Ad-Hoc|Mixed Platforms.Build.0 = Release|Any CPU
		{891A60C0-F775-4210-9E33-0E4E44140CF4}.Ad-Hoc|x64.ActiveCfg = Release|Any CPU
		{891A60C0-F775-4210-9E33-0E4E44140CF4}.Ad-Hoc|x86.ActiveCfg = Release|Any CPU
		{891A60C0-F775-4210-9E33-0E4E44140CF4}.AppStore|Any CPU.ActiveCfg = Release|Any CPU
		{891A60C0-F775-4210-9E33-0E4E44140CF4}.AppStore|Any CPU.Build.0 = Release|Any CPU
		{891A60C0-F775-4210-9E33-0E4E44140CF4}.AppStore|ARM.ActiveCfg = Release|Any CPU
		{891A60C0-F775-4210-9E33-0E4E44140CF4}.AppStore|iPhone.ActiveCfg = Release|Any CPU
		{891A60C0-F775-4210-9E33-0E4E44140CF4}.AppStore|iPhoneSimulator.ActiveCfg = Release|Any CPU
		{891A60C0-F775-4210-9E33-0E4E44140CF4}.AppStore|Mixed Platforms.ActiveCfg = Release|Any CPU
		{891A60C0-F775-4210-9E33-0E4E44140CF4}.AppStore|Mixed Platforms.Build.0 = Release|Any CPU
		{891A60C0-F775-4210-9E33-0E4E44140CF4}.AppStore|x64.ActiveCfg = Release|Any CPU
		{891A60C0-F775-4210-9E33-0E4E44140CF4}.AppStore|x86.ActiveCfg = Release|Any CPU
		{891A60C0-F775-4210-9E33-0E4E44140CF4}.Debug|Any CPU.ActiveCfg = Debug|Any CPU
		{891A60C0-F775-4210-9E33-0E4E44140CF4}.Debug|Any CPU.Build.0 = Debug|Any CPU
		{891A60C0-F775-4210-9E33-0E4E44140CF4}.Debug|ARM.ActiveCfg = Debug|Any CPU
		{891A60C0-F775-4210-9E33-0E4E44140CF4}.Debug|iPhone.ActiveCfg = Debug|Any CPU
		{891A60C0-F775-4210-9E33-0E4E44140CF4}.Debug|iPhoneSimulator.ActiveCfg = Debug|Any CPU
		{891A60C0-F775-4210-9E33-0E4E44140CF4}.Debug|Mixed Platforms.ActiveCfg = Debug|Any CPU
		{891A60C0-F775-4210-9E33-0E4E44140CF4}.Debug|Mixed Platforms.Build.0 = Debug|Any CPU
		{891A60C0-F775-4210-9E33-0E4E44140CF4}.Debug|x64.ActiveCfg = Debug|Any CPU
		{891A60C0-F775-4210-9E33-0E4E44140CF4}.Debug|x86.ActiveCfg = Debug|Any CPU
		{891A60C0-F775-4210-9E33-0E4E44140CF4}.Release|Any CPU.ActiveCfg = Release|Any CPU
		{891A60C0-F775-4210-9E33-0E4E44140CF4}.Release|Any CPU.Build.0 = Release|Any CPU
		{891A60C0-F775-4210-9E33-0E4E44140CF4}.Release|ARM.ActiveCfg = Release|Any CPU
		{891A60C0-F775-4210-9E33-0E4E44140CF4}.Release|iPhone.ActiveCfg = Release|Any CPU
		{891A60C0-F775-4210-9E33-0E4E44140CF4}.Release|iPhoneSimulator.ActiveCfg = Release|Any CPU
		{891A60C0-F775-4210-9E33-0E4E44140CF4}.Release|Mixed Platforms.ActiveCfg = Release|Any CPU
		{891A60C0-F775-4210-9E33-0E4E44140CF4}.Release|Mixed Platforms.Build.0 = Release|Any CPU
		{891A60C0-F775-4210-9E33-0E4E44140CF4}.Release|x64.ActiveCfg = Release|Any CPU
		{891A60C0-F775-4210-9E33-0E4E44140CF4}.Release|x86.ActiveCfg = Release|Any CPU
		{3FC21BDC-F5FA-4E01-9B2B-2ED1AE51D27B}.Ad-Hoc|Any CPU.ActiveCfg = Release|Any CPU
		{3FC21BDC-F5FA-4E01-9B2B-2ED1AE51D27B}.Ad-Hoc|Any CPU.Build.0 = Release|Any CPU
		{3FC21BDC-F5FA-4E01-9B2B-2ED1AE51D27B}.Ad-Hoc|ARM.ActiveCfg = Release|Any CPU
		{3FC21BDC-F5FA-4E01-9B2B-2ED1AE51D27B}.Ad-Hoc|iPhone.ActiveCfg = Release|Any CPU
		{3FC21BDC-F5FA-4E01-9B2B-2ED1AE51D27B}.Ad-Hoc|iPhoneSimulator.ActiveCfg = Release|Any CPU
		{3FC21BDC-F5FA-4E01-9B2B-2ED1AE51D27B}.Ad-Hoc|Mixed Platforms.ActiveCfg = Release|Any CPU
		{3FC21BDC-F5FA-4E01-9B2B-2ED1AE51D27B}.Ad-Hoc|Mixed Platforms.Build.0 = Release|Any CPU
		{3FC21BDC-F5FA-4E01-9B2B-2ED1AE51D27B}.Ad-Hoc|x64.ActiveCfg = Release|Any CPU
		{3FC21BDC-F5FA-4E01-9B2B-2ED1AE51D27B}.Ad-Hoc|x86.ActiveCfg = Release|Any CPU
		{3FC21BDC-F5FA-4E01-9B2B-2ED1AE51D27B}.AppStore|Any CPU.ActiveCfg = Release|Any CPU
		{3FC21BDC-F5FA-4E01-9B2B-2ED1AE51D27B}.AppStore|Any CPU.Build.0 = Release|Any CPU
		{3FC21BDC-F5FA-4E01-9B2B-2ED1AE51D27B}.AppStore|ARM.ActiveCfg = Release|Any CPU
		{3FC21BDC-F5FA-4E01-9B2B-2ED1AE51D27B}.AppStore|iPhone.ActiveCfg = Release|Any CPU
		{3FC21BDC-F5FA-4E01-9B2B-2ED1AE51D27B}.AppStore|iPhoneSimulator.ActiveCfg = Release|Any CPU
		{3FC21BDC-F5FA-4E01-9B2B-2ED1AE51D27B}.AppStore|Mixed Platforms.ActiveCfg = Release|Any CPU
		{3FC21BDC-F5FA-4E01-9B2B-2ED1AE51D27B}.AppStore|Mixed Platforms.Build.0 = Release|Any CPU
		{3FC21BDC-F5FA-4E01-9B2B-2ED1AE51D27B}.AppStore|x64.ActiveCfg = Release|Any CPU
		{3FC21BDC-F5FA-4E01-9B2B-2ED1AE51D27B}.AppStore|x86.ActiveCfg = Release|Any CPU
		{3FC21BDC-F5FA-4E01-9B2B-2ED1AE51D27B}.Debug|Any CPU.ActiveCfg = Debug|Any CPU
		{3FC21BDC-F5FA-4E01-9B2B-2ED1AE51D27B}.Debug|Any CPU.Build.0 = Debug|Any CPU
		{3FC21BDC-F5FA-4E01-9B2B-2ED1AE51D27B}.Debug|ARM.ActiveCfg = Debug|Any CPU
		{3FC21BDC-F5FA-4E01-9B2B-2ED1AE51D27B}.Debug|iPhone.ActiveCfg = Debug|Any CPU
		{3FC21BDC-F5FA-4E01-9B2B-2ED1AE51D27B}.Debug|iPhoneSimulator.ActiveCfg = Debug|Any CPU
		{3FC21BDC-F5FA-4E01-9B2B-2ED1AE51D27B}.Debug|Mixed Platforms.ActiveCfg = Debug|Any CPU
		{3FC21BDC-F5FA-4E01-9B2B-2ED1AE51D27B}.Debug|Mixed Platforms.Build.0 = Debug|Any CPU
		{3FC21BDC-F5FA-4E01-9B2B-2ED1AE51D27B}.Debug|x64.ActiveCfg = Debug|Any CPU
		{3FC21BDC-F5FA-4E01-9B2B-2ED1AE51D27B}.Debug|x86.ActiveCfg = Debug|Any CPU
		{3FC21BDC-F5FA-4E01-9B2B-2ED1AE51D27B}.Release|Any CPU.ActiveCfg = Release|Any CPU
		{3FC21BDC-F5FA-4E01-9B2B-2ED1AE51D27B}.Release|Any CPU.Build.0 = Release|Any CPU
		{3FC21BDC-F5FA-4E01-9B2B-2ED1AE51D27B}.Release|ARM.ActiveCfg = Release|Any CPU
		{3FC21BDC-F5FA-4E01-9B2B-2ED1AE51D27B}.Release|iPhone.ActiveCfg = Release|Any CPU
		{3FC21BDC-F5FA-4E01-9B2B-2ED1AE51D27B}.Release|iPhoneSimulator.ActiveCfg = Release|Any CPU
		{3FC21BDC-F5FA-4E01-9B2B-2ED1AE51D27B}.Release|Mixed Platforms.ActiveCfg = Release|Any CPU
		{3FC21BDC-F5FA-4E01-9B2B-2ED1AE51D27B}.Release|Mixed Platforms.Build.0 = Release|Any CPU
		{3FC21BDC-F5FA-4E01-9B2B-2ED1AE51D27B}.Release|x64.ActiveCfg = Release|Any CPU
		{3FC21BDC-F5FA-4E01-9B2B-2ED1AE51D27B}.Release|x86.ActiveCfg = Release|Any CPU
	EndGlobalSection
	GlobalSection(SolutionProperties) = preSolution
		HideSolutionNode = FALSE
	EndGlobalSection
EndGlobal
